// !$*UTF8*$!
{
	archiveVersion = 1;
	classes = {
	};
	objectVersion = 55;
	objects = {

/* Begin PBXBuildFile section */
		666AB2C8285F602100AEC58A /* SmartNotesApp.swift in Sources */ = {isa = PBXBuildFile; fileRef = 666AB2C7285F602100AEC58A /* SmartNotesApp.swift */; };
		666AB2CA285F602100AEC58A /* ContentView.swift in Sources */ = {isa = PBXBuildFile; fileRef = 666AB2C9285F602100AEC58A /* ContentView.swift */; };
		666AB2CC285F602200AEC58A /* Assets.xcassets in Resources */ = {isa = PBXBuildFile; fileRef = 666AB2CB285F602200AEC58A /* Assets.xcassets */; };
		666AB2CF285F602200AEC58A /* Preview Assets.xcassets in Resources */ = {isa = PBXBuildFile; fileRef = 666AB2CE285F602200AEC58A /* Preview Assets.xcassets */; };
		666AB2D8285F60E600AEC58A /* NoteView.swift in Sources */ = {isa = PBXBuildFile; fileRef = 666AB2D7285F60E600AEC58A /* NoteView.swift */; };
		666AB2DA285F62E400AEC58A /* CheckBox.swift in Sources */ = {isa = PBXBuildFile; fileRef = 666AB2D9285F62E400AEC58A /* CheckBox.swift */; };
		666AB2DE2860FF5C00AEC58A /* AddNoteView.swift in Sources */ = {isa = PBXBuildFile; fileRef = 666AB2DD2860FF5C00AEC58A /* AddNoteView.swift */; };
		66DA8FEF294669F0005583B0 /* UnlockedView.swift in Sources */ = {isa = PBXBuildFile; fileRef = 66DA8FEE294669F0005583B0 /* UnlockedView.swift */; };
		66DA8FF829479E18005583B0 /* AuthController.swift in Sources */ = {isa = PBXBuildFile; fileRef = 66DA8FF729479E18005583B0 /* AuthController.swift */; };
		66DA8FFA2947AD12005583B0 /* AuthStatus.swift in Sources */ = {isa = PBXBuildFile; fileRef = 66DA8FF92947AD12005583B0 /* AuthStatus.swift */; };
		66DC8668294FA44D000D406A /* TabbarView.swift in Sources */ = {isa = PBXBuildFile; fileRef = 66DC8667294FA44D000D406A /* TabbarView.swift */; };
		66DC866A294FA552000D406A /* SettingsView.swift in Sources */ = {isa = PBXBuildFile; fileRef = 66DC8669294FA552000D406A /* SettingsView.swift */; };
		66EF13D8287F3BFF008C9B32 /* SmartNote.xcdatamodeld in Sources */ = {isa = PBXBuildFile; fileRef = 66EF13D6287F3BFF008C9B32 /* SmartNote.xcdatamodeld */; };
		66EF13DA287F3E67008C9B32 /* DataController.swift in Sources */ = {isa = PBXBuildFile; fileRef = 66EF13D9287F3E67008C9B32 /* DataController.swift */; };
		66EF1418288C9F21008C9B32 /* SmartNote+CoreDataClass.swift in Sources */ = {isa = PBXBuildFile; fileRef = 66EF1416288C9F21008C9B32 /* SmartNote+CoreDataClass.swift */; };
		66EF1419288C9F21008C9B32 /* SmartNote+CoreDataProperties.swift in Sources */ = {isa = PBXBuildFile; fileRef = 66EF1417288C9F21008C9B32 /* SmartNote+CoreDataProperties.swift */; };
		66EF141B288C9FCC008C9B32 /* FilteredList.swift in Sources */ = {isa = PBXBuildFile; fileRef = 66EF141A288C9FCC008C9B32 /* FilteredList.swift */; };
/* End PBXBuildFile section */

/* Begin PBXFileReference section */
		666AB2C4285F602100AEC58A /* SmartNotes.app */ = {isa = PBXFileReference; explicitFileType = wrapper.application; includeInIndex = 0; path = SmartNotes.app; sourceTree = BUILT_PRODUCTS_DIR; };
		666AB2C7285F602100AEC58A /* SmartNotesApp.swift */ = {isa = PBXFileReference; lastKnownFileType = sourcecode.swift; path = SmartNotesApp.swift; sourceTree = "<group>"; };
		666AB2C9285F602100AEC58A /* ContentView.swift */ = {isa = PBXFileReference; lastKnownFileType = sourcecode.swift; path = ContentView.swift; sourceTree = "<group>"; };
		666AB2CB285F602200AEC58A /* Assets.xcassets */ = {isa = PBXFileReference; lastKnownFileType = folder.assetcatalog; path = Assets.xcassets; sourceTree = "<group>"; };
		666AB2CE285F602200AEC58A /* Preview Assets.xcassets */ = {isa = PBXFileReference; lastKnownFileType = folder.assetcatalog; path = "Preview Assets.xcassets"; sourceTree = "<group>"; };
		666AB2D7285F60E600AEC58A /* NoteView.swift */ = {isa = PBXFileReference; lastKnownFileType = sourcecode.swift; path = NoteView.swift; sourceTree = "<group>"; };
		666AB2D9285F62E400AEC58A /* CheckBox.swift */ = {isa = PBXFileReference; lastKnownFileType = sourcecode.swift; path = CheckBox.swift; sourceTree = "<group>"; };
		666AB2DD2860FF5C00AEC58A /* AddNoteView.swift */ = {isa = PBXFileReference; lastKnownFileType = sourcecode.swift; path = AddNoteView.swift; sourceTree = "<group>"; };
		66DA8FEE294669F0005583B0 /* UnlockedView.swift */ = {isa = PBXFileReference; lastKnownFileType = sourcecode.swift; path = UnlockedView.swift; sourceTree = "<group>"; };
		66DA8FF729479E18005583B0 /* AuthController.swift */ = {isa = PBXFileReference; lastKnownFileType = sourcecode.swift; path = AuthController.swift; sourceTree = "<group>"; };
		66DA8FF92947AD12005583B0 /* AuthStatus.swift */ = {isa = PBXFileReference; lastKnownFileType = sourcecode.swift; path = AuthStatus.swift; sourceTree = "<group>"; };
		66DC8667294FA44D000D406A /* TabbarView.swift */ = {isa = PBXFileReference; lastKnownFileType = sourcecode.swift; path = TabbarView.swift; sourceTree = "<group>"; };
		66DC8669294FA552000D406A /* SettingsView.swift */ = {isa = PBXFileReference; lastKnownFileType = sourcecode.swift; path = SettingsView.swift; sourceTree = "<group>"; };
		66EF13D7287F3BFF008C9B32 /* NoteData.xcdatamodel */ = {isa = PBXFileReference; lastKnownFileType = wrapper.xcdatamodel; path = NoteData.xcdatamodel; sourceTree = "<group>"; };
		66EF13D9287F3E67008C9B32 /* DataController.swift */ = {isa = PBXFileReference; lastKnownFileType = sourcecode.swift; path = DataController.swift; sourceTree = "<group>"; };
		66EF1416288C9F21008C9B32 /* SmartNote+CoreDataClass.swift */ = {isa = PBXFileReference; lastKnownFileType = sourcecode.swift; path = "SmartNote+CoreDataClass.swift"; sourceTree = "<group>"; };
		66EF1417288C9F21008C9B32 /* SmartNote+CoreDataProperties.swift */ = {isa = PBXFileReference; lastKnownFileType = sourcecode.swift; path = "SmartNote+CoreDataProperties.swift"; sourceTree = "<group>"; };
		66EF141A288C9FCC008C9B32 /* FilteredList.swift */ = {isa = PBXFileReference; fileEncoding = 4; lastKnownFileType = sourcecode.swift; path = FilteredList.swift; sourceTree = "<group>"; };
/* End PBXFileReference section */

/* Begin PBXFrameworksBuildPhase section */
		666AB2C1285F602100AEC58A /* Frameworks */ = {
			isa = PBXFrameworksBuildPhase;
			buildActionMask = 2147483647;
			files = (
			);
			runOnlyForDeploymentPostprocessing = 0;
		};
/* End PBXFrameworksBuildPhase section */

/* Begin PBXGroup section */
		666AB2BB285F602100AEC58A = {
			isa = PBXGroup;
			children = (
				666AB2C6285F602100AEC58A /* SmartNotes */,
				666AB2C5285F602100AEC58A /* Products */,
			);
			sourceTree = "<group>";
		};
		666AB2C5285F602100AEC58A /* Products */ = {
			isa = PBXGroup;
			children = (
				666AB2C4285F602100AEC58A /* SmartNotes.app */,
			);
			name = Products;
			sourceTree = "<group>";
		};
		666AB2C6285F602100AEC58A /* SmartNotes */ = {
			isa = PBXGroup;
			children = (
				66EF1415288C9EE0008C9B32 /* Data */,
				66EF1414288C9ED6008C9B32 /* Views */,
				666AB2C7285F602100AEC58A /* SmartNotesApp.swift */,
				666AB2CB285F602200AEC58A /* Assets.xcassets */,
				666AB2CD285F602200AEC58A /* Preview Content */,
			);
			path = SmartNotes;
			sourceTree = "<group>";
		};
		666AB2CD285F602200AEC58A /* Preview Content */ = {
			isa = PBXGroup;
			children = (
				666AB2CE285F602200AEC58A /* Preview Assets.xcassets */,
			);
			path = "Preview Content";
			sourceTree = "<group>";
		};
		66EF1414288C9ED6008C9B32 /* Views */ = {
			isa = PBXGroup;
			children = (
				666AB2D7285F60E600AEC58A /* NoteView.swift */,
				666AB2C9285F602100AEC58A /* ContentView.swift */,
				66EF141A288C9FCC008C9B32 /* FilteredList.swift */,
				666AB2DD2860FF5C00AEC58A /* AddNoteView.swift */,
				666AB2D9285F62E400AEC58A /* CheckBox.swift */,
				66DA8FEE294669F0005583B0 /* UnlockedView.swift */,
				66DC8667294FA44D000D406A /* TabbarView.swift */,
				66DC8669294FA552000D406A /* SettingsView.swift */,
			);
			path = Views;
			sourceTree = "<group>";
		};
		66EF1415288C9EE0008C9B32 /* Data */ = {
			isa = PBXGroup;
			children = (
				66EF1416288C9F21008C9B32 /* SmartNote+CoreDataClass.swift */,
				66EF1417288C9F21008C9B32 /* SmartNote+CoreDataProperties.swift */,
				66EF13D6287F3BFF008C9B32 /* SmartNote.xcdatamodeld */,
				66EF13D9287F3E67008C9B32 /* DataController.swift */,
				66DA8FF729479E18005583B0 /* AuthController.swift */,
				66DA8FF92947AD12005583B0 /* AuthStatus.swift */,
			);
			path = Data;
			sourceTree = "<group>";
		};
/* End PBXGroup section */

/* Begin PBXNativeTarget section */
		666AB2C3285F602100AEC58A /* SmartNotes */ = {
			isa = PBXNativeTarget;
			buildConfigurationList = 666AB2D2285F602200AEC58A /* Build configuration list for PBXNativeTarget "SmartNotes" */;
			buildPhases = (
				666AB2C0285F602100AEC58A /* Sources */,
				666AB2C1285F602100AEC58A /* Frameworks */,
				666AB2C2285F602100AEC58A /* Resources */,
			);
			buildRules = (
			);
			dependencies = (
			);
			name = SmartNotes;
			productName = SmartNotes;
			productReference = 666AB2C4285F602100AEC58A /* SmartNotes.app */;
			productType = "com.apple.product-type.application";
		};
/* End PBXNativeTarget section */

/* Begin PBXProject section */
		666AB2BC285F602100AEC58A /* Project object */ = {
			isa = PBXProject;
			attributes = {
				BuildIndependentTargetsInParallel = 1;
				LastSwiftUpdateCheck = 1340;
				LastUpgradeCheck = 1340;
				TargetAttributes = {
					666AB2C3285F602100AEC58A = {
						CreatedOnToolsVersion = 13.4.1;
					};
				};
			};
			buildConfigurationList = 666AB2BF285F602100AEC58A /* Build configuration list for PBXProject "SmartNotes" */;
			compatibilityVersion = "Xcode 13.0";
			developmentRegion = en;
			hasScannedForEncodings = 0;
			knownRegions = (
				en,
				Base,
			);
			mainGroup = 666AB2BB285F602100AEC58A;
			productRefGroup = 666AB2C5285F602100AEC58A /* Products */;
			projectDirPath = "";
			projectRoot = "";
			targets = (
				666AB2C3285F602100AEC58A /* SmartNotes */,
			);
		};
/* End PBXProject section */

/* Begin PBXResourcesBuildPhase section */
		666AB2C2285F602100AEC58A /* Resources */ = {
			isa = PBXResourcesBuildPhase;
			buildActionMask = 2147483647;
			files = (
				666AB2CF285F602200AEC58A /* Preview Assets.xcassets in Resources */,
				666AB2CC285F602200AEC58A /* Assets.xcassets in Resources */,
			);
			runOnlyForDeploymentPostprocessing = 0;
		};
/* End PBXResourcesBuildPhase section */

/* Begin PBXSourcesBuildPhase section */
		666AB2C0285F602100AEC58A /* Sources */ = {
			isa = PBXSourcesBuildPhase;
			buildActionMask = 2147483647;
			files = (
				66DA8FFA2947AD12005583B0 /* AuthStatus.swift in Sources */,
				666AB2CA285F602100AEC58A /* ContentView.swift in Sources */,
				66DA8FF829479E18005583B0 /* AuthController.swift in Sources */,
				66DC866A294FA552000D406A /* SettingsView.swift in Sources */,
				66EF1419288C9F21008C9B32 /* SmartNote+CoreDataProperties.swift in Sources */,
				66EF141B288C9FCC008C9B32 /* FilteredList.swift in Sources */,
				66EF1418288C9F21008C9B32 /* SmartNote+CoreDataClass.swift in Sources */,
				666AB2C8285F602100AEC58A /* SmartNotesApp.swift in Sources */,
				666AB2D8285F60E600AEC58A /* NoteView.swift in Sources */,
				66DC8668294FA44D000D406A /* TabbarView.swift in Sources */,
				66DA8FEF294669F0005583B0 /* UnlockedView.swift in Sources */,
				66EF13DA287F3E67008C9B32 /* DataController.swift in Sources */,
				66EF13D8287F3BFF008C9B32 /* SmartNote.xcdatamodeld in Sources */,
				666AB2DE2860FF5C00AEC58A /* AddNoteView.swift in Sources */,
				666AB2DA285F62E400AEC58A /* CheckBox.swift in Sources */,
			);
			runOnlyForDeploymentPostprocessing = 0;
		};
/* End PBXSourcesBuildPhase section */

/* Begin XCBuildConfiguration section */
		666AB2D0285F602200AEC58A /* Debug */ = {
			isa = XCBuildConfiguration;
			buildSettings = {
				ALWAYS_SEARCH_USER_PATHS = NO;
				CLANG_ANALYZER_NONNULL = YES;
				CLANG_ANALYZER_NUMBER_OBJECT_CONVERSION = YES_AGGRESSIVE;
				CLANG_CXX_LANGUAGE_STANDARD = "gnu++17";
				CLANG_ENABLE_MODULES = YES;
				CLANG_ENABLE_OBJC_ARC = YES;
				CLANG_ENABLE_OBJC_WEAK = YES;
				CLANG_WARN_BLOCK_CAPTURE_AUTORELEASING = YES;
				CLANG_WARN_BOOL_CONVERSION = YES;
				CLANG_WARN_COMMA = YES;
				CLANG_WARN_CONSTANT_CONVERSION = YES;
				CLANG_WARN_DEPRECATED_OBJC_IMPLEMENTATIONS = YES;
				CLANG_WARN_DIRECT_OBJC_ISA_USAGE = YES_ERROR;
				CLANG_WARN_DOCUMENTATION_COMMENTS = YES;
				CLANG_WARN_EMPTY_BODY = YES;
				CLANG_WARN_ENUM_CONVERSION = YES;
				CLANG_WARN_INFINITE_RECURSION = YES;
				CLANG_WARN_INT_CONVERSION = YES;
				CLANG_WARN_NON_LITERAL_NULL_CONVERSION = YES;
				CLANG_WARN_OBJC_IMPLICIT_RETAIN_SELF = YES;
				CLANG_WARN_OBJC_LITERAL_CONVERSION = YES;
				CLANG_WARN_OBJC_ROOT_CLASS = YES_ERROR;
				CLANG_WARN_QUOTED_INCLUDE_IN_FRAMEWORK_HEADER = YES;
				CLANG_WARN_RANGE_LOOP_ANALYSIS = YES;
				CLANG_WARN_STRICT_PROTOTYPES = YES;
				CLANG_WARN_SUSPICIOUS_MOVE = YES;
				CLANG_WARN_UNGUARDED_AVAILABILITY = YES_AGGRESSIVE;
				CLANG_WARN_UNREACHABLE_CODE = YES;
				CLANG_WARN__DUPLICATE_METHOD_MATCH = YES;
				COPY_PHASE_STRIP = NO;
				DEBUG_INFORMATION_FORMAT = dwarf;
				ENABLE_STRICT_OBJC_MSGSEND = YES;
				ENABLE_TESTABILITY = YES;
				GCC_C_LANGUAGE_STANDARD = gnu11;
				GCC_DYNAMIC_NO_PIC = NO;
				GCC_NO_COMMON_BLOCKS = YES;
				GCC_OPTIMIZATION_LEVEL = 0;
				GCC_PREPROCESSOR_DEFINITIONS = (
					"DEBUG=1",
					"$(inherited)",
				);
				GCC_WARN_64_TO_32_BIT_CONVERSION = YES;
				GCC_WARN_ABOUT_RETURN_TYPE = YES_ERROR;
				GCC_WARN_UNDECLARED_SELECTOR = YES;
				GCC_WARN_UNINITIALIZED_AUTOS = YES_AGGRESSIVE;
				GCC_WARN_UNUSED_FUNCTION = YES;
				GCC_WARN_UNUSED_VARIABLE = YES;
				IPHONEOS_DEPLOYMENT_TARGET = 15.5;
				MTL_ENABLE_DEBUG_INFO = INCLUDE_SOURCE;
				MTL_FAST_MATH = YES;
				ONLY_ACTIVE_ARCH = YES;
				SDKROOT = iphoneos;
				SWIFT_ACTIVE_COMPILATION_CONDITIONS = DEBUG;
				SWIFT_OPTIMIZATION_LEVEL = "-Onone";
			};
			name = Debug;
		};
		666AB2D1285F602200AEC58A /* Release */ = {
			isa = XCBuildConfiguration;
			buildSettings = {
				ALWAYS_SEARCH_USER_PATHS = NO;
				CLANG_ANALYZER_NONNULL = YES;
				CLANG_ANALYZER_NUMBER_OBJECT_CONVERSION = YES_AGGRESSIVE;
				CLANG_CXX_LANGUAGE_STANDARD = "gnu++17";
				CLANG_ENABLE_MODULES = YES;
				CLANG_ENABLE_OBJC_ARC = YES;
				CLANG_ENABLE_OBJC_WEAK = YES;
				CLANG_WARN_BLOCK_CAPTURE_AUTORELEASING = YES;
				CLANG_WARN_BOOL_CONVERSION = YES;
				CLANG_WARN_COMMA = YES;
				CLANG_WARN_CONSTANT_CONVERSION = YES;
				CLANG_WARN_DEPRECATED_OBJC_IMPLEMENTATIONS = YES;
				CLANG_WARN_DIRECT_OBJC_ISA_USAGE = YES_ERROR;
				CLANG_WARN_DOCUMENTATION_COMMENTS = YES;
				CLANG_WARN_EMPTY_BODY = YES;
				CLANG_WARN_ENUM_CONVERSION = YES;
				CLANG_WARN_INFINITE_RECURSION = YES;
				CLANG_WARN_INT_CONVERSION = YES;
				CLANG_WARN_NON_LITERAL_NULL_CONVERSION = YES;
				CLANG_WARN_OBJC_IMPLICIT_RETAIN_SELF = YES;
				CLANG_WARN_OBJC_LITERAL_CONVERSION = YES;
				CLANG_WARN_OBJC_ROOT_CLASS = YES_ERROR;
				CLANG_WARN_QUOTED_INCLUDE_IN_FRAMEWORK_HEADER = YES;
				CLANG_WARN_RANGE_LOOP_ANALYSIS = YES;
				CLANG_WARN_STRICT_PROTOTYPES = YES;
				CLANG_WARN_SUSPICIOUS_MOVE = YES;
				CLANG_WARN_UNGUARDED_AVAILABILITY = YES_AGGRESSIVE;
				CLANG_WARN_UNREACHABLE_CODE = YES;
				CLANG_WARN__DUPLICATE_METHOD_MATCH = YES;
				COPY_PHASE_STRIP = NO;
				DEBUG_INFORMATION_FORMAT = "dwarf-with-dsym";
				ENABLE_NS_ASSERTIONS = NO;
				ENABLE_STRICT_OBJC_MSGSEND = YES;
				GCC_C_LANGUAGE_STANDARD = gnu11;
				GCC_NO_COMMON_BLOCKS = YES;
				GCC_WARN_64_TO_32_BIT_CONVERSION = YES;
				GCC_WARN_ABOUT_RETURN_TYPE = YES_ERROR;
				GCC_WARN_UNDECLARED_SELECTOR = YES;
				GCC_WARN_UNINITIALIZED_AUTOS = YES_AGGRESSIVE;
				GCC_WARN_UNUSED_FUNCTION = YES;
				GCC_WARN_UNUSED_VARIABLE = YES;
				IPHONEOS_DEPLOYMENT_TARGET = 15.5;
				MTL_ENABLE_DEBUG_INFO = NO;
				MTL_FAST_MATH = YES;
				SDKROOT = iphoneos;
				SWIFT_COMPILATION_MODE = wholemodule;
				SWIFT_OPTIMIZATION_LEVEL = "-O";
				VALIDATE_PRODUCT = YES;
			};
			name = Release;
		};
		666AB2D3285F602200AEC58A /* Debug */ = {
			isa = XCBuildConfiguration;
			buildSettings = {
				ASSETCATALOG_COMPILER_APPICON_NAME = AppIcon;
				ASSETCATALOG_COMPILER_GLOBAL_ACCENT_COLOR_NAME = AccentColor;
				CODE_SIGN_STYLE = Automatic;
				CURRENT_PROJECT_VERSION = 1;
				DEVELOPMENT_ASSET_PATHS = "\"SmartNotes/Preview Content\"";
				DEVELOPMENT_TEAM = 8J7MM23357;
				ENABLE_PREVIEWS = YES;
				GENERATE_INFOPLIST_FILE = YES;
				INFOPLIST_KEY_NSFaceIDUsageDescription = "$(PRODUCT_NAME) Authentication with TouchId or FaceID";
				INFOPLIST_KEY_UIApplicationSceneManifest_Generation = YES;
				INFOPLIST_KEY_UIApplicationSupportsIndirectInputEvents = YES;
				INFOPLIST_KEY_UILaunchScreen_Generation = YES;
				INFOPLIST_KEY_UISupportedInterfaceOrientations_iPad = "UIInterfaceOrientationPortrait UIInterfaceOrientationPortraitUpsideDown UIInterfaceOrientationLandscapeLeft UIInterfaceOrientationLandscapeRight";
				INFOPLIST_KEY_UISupportedInterfaceOrientations_iPhone = "UIInterfaceOrientationPortrait UIInterfaceOrientationLandscapeLeft UIInterfaceOrientationLandscapeRight";
				IPHONEOS_DEPLOYMENT_TARGET = 15.0;
				LD_RUNPATH_SEARCH_PATHS = (
					"$(inherited)",
					"@executable_path/Frameworks",
				);
				MARKETING_VERSION = 1.0;
				PRODUCT_BUNDLE_IDENTIFIER = "Nick-Semin.SmartNotes";
				PRODUCT_NAME = "$(TARGET_NAME)";
				SWIFT_EMIT_LOC_STRINGS = YES;
				SWIFT_VERSION = 5.0;
				TARGETED_DEVICE_FAMILY = 1;
			};
			name = Debug;
		};
		666AB2D4285F602200AEC58A /* Release */ = {
			isa = XCBuildConfiguration;
			buildSettings = {
				ASSETCATALOG_COMPILER_APPICON_NAME = AppIcon;
				ASSETCATALOG_COMPILER_GLOBAL_ACCENT_COLOR_NAME = AccentColor;
				CODE_SIGN_STYLE = Automatic;
				CURRENT_PROJECT_VERSION = 1;
				DEVELOPMENT_ASSET_PATHS = "\"SmartNotes/Preview Content\"";
				DEVELOPMENT_TEAM = 8J7MM23357;
				ENABLE_PREVIEWS = YES;
				GENERATE_INFOPLIST_FILE = YES;
				INFOPLIST_KEY_NSFaceIDUsageDescription = "$(PRODUCT_NAME) Authentication with TouchId or FaceID";
				INFOPLIST_KEY_UIApplicationSceneManifest_Generation = YES;
				INFOPLIST_KEY_UIApplicationSupportsIndirectInputEvents = YES;
				INFOPLIST_KEY_UILaunchScreen_Generation = YES;
				INFOPLIST_KEY_UISupportedInterfaceOrientations_iPad = "UIInterfaceOrientationPortrait UIInterfaceOrientationPortraitUpsideDown UIInterfaceOrientationLandscapeLeft UIInterfaceOrientationLandscapeRight";
				INFOPLIST_KEY_UISupportedInterfaceOrientations_iPhone = "UIInterfaceOrientationPortrait UIInterfaceOrientationLandscapeLeft UIInterfaceOrientationLandscapeRight";
				IPHONEOS_DEPLOYMENT_TARGET = 15.0;
				LD_RUNPATH_SEARCH_PATHS = (
					"$(inherited)",
					"@executable_path/Frameworks",
				);
				MARKETING_VERSION = 1.0;
				PRODUCT_BUNDLE_IDENTIFIER = "Nick-Semin.SmartNotes";
				PRODUCT_NAME = "$(TARGET_NAME)";
				SWIFT_EMIT_LOC_STRINGS = YES;
				SWIFT_VERSION = 5.0;
				TARGETED_DEVICE_FAMILY = 1;
			};
			name = Release;
		};
/* End XCBuildConfiguration section */

/* Begin XCConfigurationList section */
		666AB2BF285F602100AEC58A /* Build configuration list for PBXProject "SmartNotes" */ = {
			isa = XCConfigurationList;
			buildConfigurations = (
				666AB2D0285F602200AEC58A /* Debug */,
				666AB2D1285F602200AEC58A /* Release */,
			);
			defaultConfigurationIsVisible = 0;
			defaultConfigurationName = Release;
		};
		666AB2D2285F602200AEC58A /* Build configuration list for PBXNativeTarget "SmartNotes" */ = {
			isa = XCConfigurationList;
			buildConfigurations = (
				666AB2D3285F602200AEC58A /* Debug */,
				666AB2D4285F602200AEC58A /* Release */,
			);
			defaultConfigurationIsVisible = 0;
			defaultConfigurationName = Release;
		};
/* End XCConfigurationList section */

/* Begin XCVersionGroup section */
		66EF13D6287F3BFF008C9B32 /* SmartNote.xcdatamodeld */ = {
			isa = XCVersionGroup;
			children = (
				66EF13D7287F3BFF008C9B32 /* NoteData.xcdatamodel */,
			);
			currentVersion = 66EF13D7287F3BFF008C9B32 /* NoteData.xcdatamodel */;
			path = SmartNote.xcdatamodeld;
			sourceTree = "<group>";
			versionGroupType = wrapper.xcdatamodel;
		};
/* End XCVersionGroup section */
	};
	rootObject = 666AB2BC285F602100AEC58A /* Project object */;
}
